
Microsoft Visual Studio Solution File, Format Version 12.00
# Visual Studio Version 16
VisualStudioVersion = 16.0.30517.126
MinimumVisualStudioVersion = 10.0.40219.1
Project("{8BC9CEB8-8B4A-11D0-8D11-00A0C91BC942}") = "C++ Introduction MiniApps2", "C++ Introduction MiniApps2.vcxproj", "{DC66E9A4-9FF8-411C-A81E-B73F1B858531}"
EndProject
Global
	GlobalSection(SolutionConfigurationPlatforms) = preSolution
		Debug|x64 = Debug|x64
		Debug|x86 = Debug|x86
		Release|x64 = Release|x64
		Release|x86 = Release|x86
	EndGlobalSection
	GlobalSection(ProjectConfigurationPlatforms) = postSolution
		{DC66E9A4-9FF8-411C-A81E-B73F1B858531}.Debug|x64.ActiveCfg = Debug|x64
		{DC66E9A4-9FF8-411C-A81E-B73F1B858531}.Debug|x64.Build.0 = Debug|x64
		{DC66E9A4-9FF8-411C-A81E-B73F1B858531}.Debug|x86.ActiveCfg = Debug|Win32
		{DC66E9A4-9FF8-411C-A81E-B73F1B858531}.Debug|x86.Build.0 = Debug|Win32
		{DC66E9A4-9FF8-411C-A81E-B73F1B858531}.Release|x64.ActiveCfg = Release|x64
		{DC66E9A4-9FF8-411C-A81E-B73F1B858531}.Release|x64.Build.0 = Release|x64
		{DC66E9A4-9FF8-411C-A81E-B73F1B858531}.Release|x86.ActiveCfg = Release|Win32
		{DC66E9A4-9FF8-411C-A81E-B73F1B858531}.Release|x86.Build.0 = Release|Win32
	EndGlobalSection
	GlobalSection(SolutionProperties) = preSolution
		HideSolutionNode = FALSE
	EndGlobalSection
	GlobalSection(ExtensibilityGlobals) = postSolution
		SolutionGuid = {2C85EFD9-21BE-4272-B668-817F7A7BBE4E}
	EndGlobalSection
EndGlobal
